
Microsoft Visual Studio Solution File, Format Version 11.00
# Visual C++ Express 2010
Project("{8BC9CEB8-8B4A-11D0-8D11-00A0C91BC942}") = "blank", "blank.vcxproj", "{39BABE9F-C58A-4681-86E8-1B5387937739}"
EndProject
Global
	GlobalSection(SolutionConfigurationPlatforms) = preSolution
		Debug|Win32 = Debug|Win32
		Release|Win32 = Release|Win32
	EndGlobalSection
	GlobalSection(ProjectConfigurationPlatforms) = postSolution
		{39BABE9F-C58A-4681-86E8-1B5387937739}.Debug|Win32.ActiveCfg = Debug|Win32
		{39BABE9F-C58A-4681-86E8-1B5387937739}.Debug|Win32.Build.0 = Debug|Win32
		{39BABE9F-C58A-4681-86E8-1B5387937739}.Release|Win32.ActiveCfg = Release|Win32
		{39BABE9F-C58A-4681-86E8-1B5387937739}.Release|Win32.Build.0 = Release|Win32
	EndGlobalSection
	GlobalSection(SolutionProperties) = preSolution
		HideSolutionNode = FALSE
	EndGlobalSection
EndGlobal
