
Microsoft Visual Studio Solution File, Format Version 11.00
# Visual C++ Express 2010
Project("{8BC9CEB8-8B4A-11D0-8D11-00A0C91BC942}") = "text_object", "text_object.vcxproj", "{040FAD0B-E423-4A73-9421-68958A216DEC}"
EndProject
Global
	GlobalSection(SolutionConfigurationPlatforms) = preSolution
		Debug|Win32 = Debug|Win32
		Release|Win32 = Release|Win32
	EndGlobalSection
	GlobalSection(ProjectConfigurationPlatforms) = postSolution
		{040FAD0B-E423-4A73-9421-68958A216DEC}.Debug|Win32.ActiveCfg = Debug|Win32
		{040FAD0B-E423-4A73-9421-68958A216DEC}.Debug|Win32.Build.0 = Debug|Win32
		{040FAD0B-E423-4A73-9421-68958A216DEC}.Release|Win32.ActiveCfg = Release|Win32
		{040FAD0B-E423-4A73-9421-68958A216DEC}.Release|Win32.Build.0 = Release|Win32
	EndGlobalSection
	GlobalSection(SolutionProperties) = preSolution
		HideSolutionNode = FALSE
	EndGlobalSection
EndGlobal
