
Microsoft Visual Studio Solution File, Format Version 11.00
# Visual C++ Express 2010
Project("{8BC9CEB8-8B4A-11D0-8D11-00A0C91BC942}") = "background", "background.vcxproj", "{226F48F1-5134-4EF6-9D55-7783AB39D70F}"
EndProject
Global
	GlobalSection(SolutionConfigurationPlatforms) = preSolution
		Debug|Win32 = Debug|Win32
		Release|Win32 = Release|Win32
	EndGlobalSection
	GlobalSection(ProjectConfigurationPlatforms) = postSolution
		{226F48F1-5134-4EF6-9D55-7783AB39D70F}.Debug|Win32.ActiveCfg = Debug|Win32
		{226F48F1-5134-4EF6-9D55-7783AB39D70F}.Debug|Win32.Build.0 = Debug|Win32
		{226F48F1-5134-4EF6-9D55-7783AB39D70F}.Release|Win32.ActiveCfg = Release|Win32
		{226F48F1-5134-4EF6-9D55-7783AB39D70F}.Release|Win32.Build.0 = Release|Win32
	EndGlobalSection
	GlobalSection(SolutionProperties) = preSolution
		HideSolutionNode = FALSE
	EndGlobalSection
EndGlobal
