
Microsoft Visual Studio Solution File, Format Version 11.00
# Visual C++ Express 2010
Project("{8BC9CEB8-8B4A-11D0-8D11-00A0C91BC942}") = "dot-blaster", "dot-blaster.vcxproj", "{DAE5A82E-4943-42FC-8C08-5C594722AB8E}"
EndProject
Global
	GlobalSection(SolutionConfigurationPlatforms) = preSolution
		Debug|Win32 = Debug|Win32
		Release|Win32 = Release|Win32
	EndGlobalSection
	GlobalSection(ProjectConfigurationPlatforms) = postSolution
		{DAE5A82E-4943-42FC-8C08-5C594722AB8E}.Debug|Win32.ActiveCfg = Debug|Win32
		{DAE5A82E-4943-42FC-8C08-5C594722AB8E}.Debug|Win32.Build.0 = Debug|Win32
		{DAE5A82E-4943-42FC-8C08-5C594722AB8E}.Release|Win32.ActiveCfg = Release|Win32
		{DAE5A82E-4943-42FC-8C08-5C594722AB8E}.Release|Win32.Build.0 = Release|Win32
	EndGlobalSection
	GlobalSection(SolutionProperties) = preSolution
		HideSolutionNode = FALSE
	EndGlobalSection
EndGlobal
