
Microsoft Visual Studio Solution File, Format Version 11.00
# Visual C++ Express 2010
Project("{8BC9CEB8-8B4A-11D0-8D11-00A0C91BC942}") = "roberta", "roberta.vcxproj", "{561B8D82-B05F-47BA-8038-4D09DE8D98D0}"
EndProject
Global
	GlobalSection(SolutionConfigurationPlatforms) = preSolution
		Debug|Win32 = Debug|Win32
		Release|Win32 = Release|Win32
	EndGlobalSection
	GlobalSection(ProjectConfigurationPlatforms) = postSolution
		{561B8D82-B05F-47BA-8038-4D09DE8D98D0}.Debug|Win32.ActiveCfg = Debug|Win32
		{561B8D82-B05F-47BA-8038-4D09DE8D98D0}.Debug|Win32.Build.0 = Debug|Win32
		{561B8D82-B05F-47BA-8038-4D09DE8D98D0}.Release|Win32.ActiveCfg = Release|Win32
		{561B8D82-B05F-47BA-8038-4D09DE8D98D0}.Release|Win32.Build.0 = Release|Win32
	EndGlobalSection
	GlobalSection(SolutionProperties) = preSolution
		HideSolutionNode = FALSE
	EndGlobalSection
EndGlobal
